
Microsoft Visual Studio Solution File, Format Version 12.00
# Visual Studio Version 17
VisualStudioVersion = 17.11.35312.102
MinimumVisualStudioVersion = 10.0.40219.1
Project("{FAE04EC0-301F-11D3-BF4B-00C04F79EFBC}") = "hw-3-WPF", "hw-3-WPF\hw-3-WPF.csproj", "{2D952873-DA7E-4B7B-88FC-E14FAD2CBE84}"
EndProject
Global
	GlobalSection(SolutionConfigurationPlatforms) = preSolution
		Debug|Any CPU = Debug|Any CPU
		Release|Any CPU = Release|Any CPU
	EndGlobalSection
	GlobalSection(ProjectConfigurationPlatforms) = postSolution
		{2D952873-DA7E-4B7B-88FC-E14FAD2CBE84}.Debug|Any CPU.ActiveCfg = Debug|Any CPU
		{2D952873-DA7E-4B7B-88FC-E14FAD2CBE84}.Debug|Any CPU.Build.0 = Debug|Any CPU
		{2D952873-DA7E-4B7B-88FC-E14FAD2CBE84}.Release|Any CPU.ActiveCfg = Release|Any CPU
		{2D952873-DA7E-4B7B-88FC-E14FAD2CBE84}.Release|Any CPU.Build.0 = Release|Any CPU
	EndGlobalSection
	GlobalSection(SolutionProperties) = preSolution
		HideSolutionNode = FALSE
	EndGlobalSection
	GlobalSection(ExtensibilityGlobals) = postSolution
		SolutionGuid = {624748EC-7121-4F17-96BB-45E9E9854588}
	EndGlobalSection
EndGlobal
